
Microsoft Visual Studio Solution File, Format Version 12.00
# Visual Studio 15
VisualStudioVersion = 15.0.28010.2048
MinimumVisualStudioVersion = 10.0.40219.1
Project("{FAE04EC0-301F-11D3-BF4B-00C04F79EFBC}") = "Proyecto Simulacion", "Proyecto Simulacion\Proyecto Simulacion.csproj", "{1B507ECC-6795-498B-83C6-5FEC529F5471}"
EndProject
Global
	GlobalSection(SolutionConfigurationPlatforms) = preSolution
		Debug|Any CPU = Debug|Any CPU
		Release|Any CPU = Release|Any CPU
	EndGlobalSection
	GlobalSection(ProjectConfigurationPlatforms) = postSolution
		{1B507ECC-6795-498B-83C6-5FEC529F5471}.Debug|Any CPU.ActiveCfg = Debug|Any CPU
		{1B507ECC-6795-498B-83C6-5FEC529F5471}.Debug|Any CPU.Build.0 = Debug|Any CPU
		{1B507ECC-6795-498B-83C6-5FEC529F5471}.Release|Any CPU.ActiveCfg = Release|Any CPU
		{1B507ECC-6795-498B-83C6-5FEC529F5471}.Release|Any CPU.Build.0 = Release|Any CPU
	EndGlobalSection
	GlobalSection(SolutionProperties) = preSolution
		HideSolutionNode = FALSE
	EndGlobalSection
	GlobalSection(ExtensibilityGlobals) = postSolution
		SolutionGuid = {FE852478-9A9C-4C0B-BB5D-BF7CBB33E91A}
	EndGlobalSection
EndGlobal
